
Microsoft Visual Studio Solution File, Format Version 12.00
# Visual Studio Version 17
VisualStudioVersion = 17.4.33403.182
MinimumVisualStudioVersion = 10.0.40219.1
Project("{FAE04EC0-301F-11D3-BF4B-00C04F79EFBC}") = "ConsoleApp4", "ConsoleApp4.csproj", "{2295E6AE-B1FE-4059-A467-0DD927C75100}"
EndProject
Global
	GlobalSection(SolutionConfigurationPlatforms) = preSolution
		Debug|Any CPU = Debug|Any CPU
		Release|Any CPU = Release|Any CPU
	EndGlobalSection
	GlobalSection(ProjectConfigurationPlatforms) = postSolution
		{2295E6AE-B1FE-4059-A467-0DD927C75100}.Debug|Any CPU.ActiveCfg = Debug|Any CPU
		{2295E6AE-B1FE-4059-A467-0DD927C75100}.Debug|Any CPU.Build.0 = Debug|Any CPU
		{2295E6AE-B1FE-4059-A467-0DD927C75100}.Release|Any CPU.ActiveCfg = Release|Any CPU
		{2295E6AE-B1FE-4059-A467-0DD927C75100}.Release|Any CPU.Build.0 = Release|Any CPU
	EndGlobalSection
	GlobalSection(SolutionProperties) = preSolution
		HideSolutionNode = FALSE
	EndGlobalSection
	GlobalSection(ExtensibilityGlobals) = postSolution
		SolutionGuid = {16F4A4B2-373F-4D1C-9A09-DCBCE5118B02}
	EndGlobalSection
EndGlobal
